// !$*UTF8*$!
{
	archiveVersion = 1;
	classes = {
	};
	objectVersion = 77;
	objects = {

/* Begin PBXBuildFile section */
		116A4E7B2D818ECC00AFCAB5 /* ListRowView.swift in Sources */ = {isa = PBXBuildFile; fileRef = 116A4E7A2D818ECC00AFCAB5 /* ListRowView.swift */; };
		116A4E7D2D8194CF00AFCAB5 /* AddTaskView.swift in Sources */ = {isa = PBXBuildFile; fileRef = 116A4E7C2D8194CF00AFCAB5 /* AddTaskView.swift */; };
		11948FB22D804121001F8427 /* RootView.swift in Sources */ = {isa = PBXBuildFile; fileRef = 11948FAF2D804121001F8427 /* RootView.swift */; };
		11948FB32D804121001F8427 /* ToDoAssignmentApp.swift in Sources */ = {isa = PBXBuildFile; fileRef = 11948FB02D804121001F8427 /* ToDoAssignmentApp.swift */; };
		11948FB42D804121001F8427 /* Preview Assets.xcassets in Resources */ = {isa = PBXBuildFile; fileRef = 11948FAC2D804121001F8427 /* Preview Assets.xcassets */; };
		11948FB52D804121001F8427 /* Assets.xcassets in Resources */ = {isa = PBXBuildFile; fileRef = 11948FAE2D804121001F8427 /* Assets.xcassets */; };
		11948FBA2D804174001F8427 /* TaskModel.swift in Sources */ = {isa = PBXBuildFile; fileRef = 11948FB92D804174001F8427 /* TaskModel.swift */; };
		11948FBC2D80426E001F8427 /* ListViewModel.swift in Sources */ = {isa = PBXBuildFile; fileRef = 11948FBB2D80426E001F8427 /* ListViewModel.swift */; };
		11F3F0712D819B3400AC8F03 /* NoTasksView.swift in Sources */ = {isa = PBXBuildFile; fileRef = 11F3F0702D819B3400AC8F03 /* NoTasksView.swift */; };
/* End PBXBuildFile section */

/* Begin PBXFileReference section */
		116A4E7A2D818ECC00AFCAB5 /* ListRowView.swift */ = {isa = PBXFileReference; lastKnownFileType = sourcecode.swift; path = ListRowView.swift; sourceTree = "<group>"; };
		116A4E7C2D8194CF00AFCAB5 /* AddTaskView.swift */ = {isa = PBXFileReference; lastKnownFileType = sourcecode.swift; path = AddTaskView.swift; sourceTree = "<group>"; };
		11948F9B2D803CA9001F8427 /* ToDoAssignment.app */ = {isa = PBXFileReference; explicitFileType = wrapper.application; includeInIndex = 0; path = ToDoAssignment.app; sourceTree = BUILT_PRODUCTS_DIR; };
		11948FAC2D804121001F8427 /* Preview Assets.xcassets */ = {isa = PBXFileReference; lastKnownFileType = folder.assetcatalog; path = "Preview Assets.xcassets"; sourceTree = "<group>"; };
		11948FAE2D804121001F8427 /* Assets.xcassets */ = {isa = PBXFileReference; lastKnownFileType = folder.assetcatalog; path = Assets.xcassets; sourceTree = "<group>"; };
		11948FAF2D804121001F8427 /* RootView.swift */ = {isa = PBXFileReference; lastKnownFileType = sourcecode.swift; path = RootView.swift; sourceTree = "<group>"; };
		11948FB02D804121001F8427 /* ToDoAssignmentApp.swift */ = {isa = PBXFileReference; lastKnownFileType = sourcecode.swift; path = ToDoAssignmentApp.swift; sourceTree = "<group>"; };
		11948FB92D804174001F8427 /* TaskModel.swift */ = {isa = PBXFileReference; lastKnownFileType = sourcecode.swift; path = TaskModel.swift; sourceTree = "<group>"; };
		11948FBB2D80426E001F8427 /* ListViewModel.swift */ = {isa = PBXFileReference; lastKnownFileType = sourcecode.swift; path = ListViewModel.swift; sourceTree = "<group>"; };
		11F3F0702D819B3400AC8F03 /* NoTasksView.swift */ = {isa = PBXFileReference; lastKnownFileType = sourcecode.swift; path = NoTasksView.swift; sourceTree = "<group>"; };
/* End PBXFileReference section */

/* Begin PBXFrameworksBuildPhase section */
		11948F982D803CA9001F8427 /* Frameworks */ = {
			isa = PBXFrameworksBuildPhase;
			buildActionMask = 2147483647;
			files = (
			);
			runOnlyForDeploymentPostprocessing = 0;
		};
/* End PBXFrameworksBuildPhase section */

/* Begin PBXGroup section */
		11948F922D803CA9001F8427 = {
			isa = PBXGroup;
			children = (
				11948FB12D804121001F8427 /* ToDoAssignment */,
				11948F9C2D803CA9001F8427 /* Products */,
			);
			sourceTree = "<group>";
		};
		11948F9C2D803CA9001F8427 /* Products */ = {
			isa = PBXGroup;
			children = (
				11948F9B2D803CA9001F8427 /* ToDoAssignment.app */,
			);
			name = Products;
			sourceTree = "<group>";
		};
		11948FAD2D804121001F8427 /* Preview Content */ = {
			isa = PBXGroup;
			children = (
				11948FAC2D804121001F8427 /* Preview Assets.xcassets */,
			);
			path = "Preview Content";
			sourceTree = "<group>";
		};
		11948FB12D804121001F8427 /* ToDoAssignment */ = {
			isa = PBXGroup;
			children = (
				11948FB62D804125001F8427 /* Model */,
				11948FB82D804134001F8427 /* ViewModel */,
				11948FB72D80412F001F8427 /* Views */,
				11948FAD2D804121001F8427 /* Preview Content */,
				11948FAE2D804121001F8427 /* Assets.xcassets */,
				11948FB02D804121001F8427 /* ToDoAssignmentApp.swift */,
			);
			path = ToDoAssignment;
			sourceTree = "<group>";
		};
		11948FB62D804125001F8427 /* Model */ = {
			isa = PBXGroup;
			children = (
				11948FB92D804174001F8427 /* TaskModel.swift */,
			);
			path = Model;
			sourceTree = "<group>";
		};
		11948FB72D80412F001F8427 /* Views */ = {
			isa = PBXGroup;
			children = (
				11948FAF2D804121001F8427 /* RootView.swift */,
				116A4E7A2D818ECC00AFCAB5 /* ListRowView.swift */,
				116A4E7C2D8194CF00AFCAB5 /* AddTaskView.swift */,
				11F3F0702D819B3400AC8F03 /* NoTasksView.swift */,
			);
			path = Views;
			sourceTree = "<group>";
		};
		11948FB82D804134001F8427 /* ViewModel */ = {
			isa = PBXGroup;
			children = (
				11948FBB2D80426E001F8427 /* ListViewModel.swift */,
			);
			path = ViewModel;
			sourceTree = "<group>";
		};
/* End PBXGroup section */

/* Begin PBXNativeTarget section */
		11948F9A2D803CA9001F8427 /* ToDoAssignment */ = {
			isa = PBXNativeTarget;
			buildConfigurationList = 11948FA92D803CAB001F8427 /* Build configuration list for PBXNativeTarget "ToDoAssignment" */;
			buildPhases = (
				11948F972D803CA9001F8427 /* Sources */,
				11948F982D803CA9001F8427 /* Frameworks */,
				11948F992D803CA9001F8427 /* Resources */,
			);
			buildRules = (
			);
			dependencies = (
			);
			name = ToDoAssignment;
			packageProductDependencies = (
			);
			productName = ToDoAssignment;
			productReference = 11948F9B2D803CA9001F8427 /* ToDoAssignment.app */;
			productType = "com.apple.product-type.application";
		};
/* End PBXNativeTarget section */

/* Begin PBXProject section */
		11948F932D803CA9001F8427 /* Project object */ = {
			isa = PBXProject;
			attributes = {
				BuildIndependentTargetsInParallel = 1;
				LastSwiftUpdateCheck = 1610;
				LastUpgradeCheck = 1610;
				TargetAttributes = {
					11948F9A2D803CA9001F8427 = {
						CreatedOnToolsVersion = 16.1;
					};
				};
			};
			buildConfigurationList = 11948F962D803CA9001F8427 /* Build configuration list for PBXProject "ToDoAssignment" */;
			developmentRegion = en;
			hasScannedForEncodings = 0;
			knownRegions = (
				en,
				Base,
			);
			mainGroup = 11948F922D803CA9001F8427;
			minimizedProjectReferenceProxies = 1;
			preferredProjectObjectVersion = 77;
			productRefGroup = 11948F9C2D803CA9001F8427 /* Products */;
			projectDirPath = "";
			projectRoot = "";
			targets = (
				11948F9A2D803CA9001F8427 /* ToDoAssignment */,
			);
		};
/* End PBXProject section */

/* Begin PBXResourcesBuildPhase section */
		11948F992D803CA9001F8427 /* Resources */ = {
			isa = PBXResourcesBuildPhase;
			buildActionMask = 2147483647;
			files = (
				11948FB42D804121001F8427 /* Preview Assets.xcassets in Resources */,
				11948FB52D804121001F8427 /* Assets.xcassets in Resources */,
			);
			runOnlyForDeploymentPostprocessing = 0;
		};
/* End PBXResourcesBuildPhase section */

/* Begin PBXSourcesBuildPhase section */
		11948F972D803CA9001F8427 /* Sources */ = {
			isa = PBXSourcesBuildPhase;
			buildActionMask = 2147483647;
			files = (
				11948FBA2D804174001F8427 /* TaskModel.swift in Sources */,
				11F3F0712D819B3400AC8F03 /* NoTasksView.swift in Sources */,
				11948FB22D804121001F8427 /* RootView.swift in Sources */,
				116A4E7B2D818ECC00AFCAB5 /* ListRowView.swift in Sources */,
				116A4E7D2D8194CF00AFCAB5 /* AddTaskView.swift in Sources */,
				11948FBC2D80426E001F8427 /* ListViewModel.swift in Sources */,
				11948FB32D804121001F8427 /* ToDoAssignmentApp.swift in Sources */,
			);
			runOnlyForDeploymentPostprocessing = 0;
		};
/* End PBXSourcesBuildPhase section */

/* Begin XCBuildConfiguration section */
		11948FA72D803CAB001F8427 /* Debug */ = {
			isa = XCBuildConfiguration;
			buildSettings = {
				ALWAYS_SEARCH_USER_PATHS = NO;
				ASSETCATALOG_COMPILER_GENERATE_SWIFT_ASSET_SYMBOL_EXTENSIONS = YES;
				CLANG_ANALYZER_NONNULL = YES;
				CLANG_ANALYZER_NUMBER_OBJECT_CONVERSION = YES_AGGRESSIVE;
				CLANG_CXX_LANGUAGE_STANDARD = "gnu++20";
				CLANG_ENABLE_MODULES = YES;
				CLANG_ENABLE_OBJC_ARC = YES;
				CLANG_ENABLE_OBJC_WEAK = YES;
				CLANG_WARN_BLOCK_CAPTURE_AUTORELEASING = YES;
				CLANG_WARN_BOOL_CONVERSION = YES;
				CLANG_WARN_COMMA = YES;
				CLANG_WARN_CONSTANT_CONVERSION = YES;
				CLANG_WARN_DEPRECATED_OBJC_IMPLEMENTATIONS = YES;
				CLANG_WARN_DIRECT_OBJC_ISA_USAGE = YES_ERROR;
				CLANG_WARN_DOCUMENTATION_COMMENTS = YES;
				CLANG_WARN_EMPTY_BODY = YES;
				CLANG_WARN_ENUM_CONVERSION = YES;
				CLANG_WARN_INFINITE_RECURSION = YES;
				CLANG_WARN_INT_CONVERSION = YES;
				CLANG_WARN_NON_LITERAL_NULL_CONVERSION = YES;
				CLANG_WARN_OBJC_IMPLICIT_RETAIN_SELF = YES;
				CLANG_WARN_OBJC_LITERAL_CONVERSION = YES;
				CLANG_WARN_OBJC_ROOT_CLASS = YES_ERROR;
				CLANG_WARN_QUOTED_INCLUDE_IN_FRAMEWORK_HEADER = YES;
				CLANG_WARN_RANGE_LOOP_ANALYSIS = YES;
				CLANG_WARN_STRICT_PROTOTYPES = YES;
				CLANG_WARN_SUSPICIOUS_MOVE = YES;
				CLANG_WARN_UNGUARDED_AVAILABILITY = YES_AGGRESSIVE;
				CLANG_WARN_UNREACHABLE_CODE = YES;
				CLANG_WARN__DUPLICATE_METHOD_MATCH = YES;
				COPY_PHASE_STRIP = NO;
				DEBUG_INFORMATION_FORMAT = dwarf;
				ENABLE_STRICT_OBJC_MSGSEND = YES;
				ENABLE_TESTABILITY = YES;
				ENABLE_USER_SCRIPT_SANDBOXING = YES;
				GCC_C_LANGUAGE_STANDARD = gnu17;
				GCC_DYNAMIC_NO_PIC = NO;
				GCC_NO_COMMON_BLOCKS = YES;
				GCC_OPTIMIZATION_LEVEL = 0;
				GCC_PREPROCESSOR_DEFINITIONS = (
					"DEBUG=1",
					"$(inherited)",
				);
				GCC_WARN_64_TO_32_BIT_CONVERSION = YES;
				GCC_WARN_ABOUT_RETURN_TYPE = YES_ERROR;
				GCC_WARN_UNDECLARED_SELECTOR = YES;
				GCC_WARN_UNINITIALIZED_AUTOS = YES_AGGRESSIVE;
				GCC_WARN_UNUSED_FUNCTION = YES;
				GCC_WARN_UNUSED_VARIABLE = YES;
				IPHONEOS_DEPLOYMENT_TARGET = 18.1;
				LOCALIZATION_PREFERS_STRING_CATALOGS = YES;
				MTL_ENABLE_DEBUG_INFO = INCLUDE_SOURCE;
				MTL_FAST_MATH = YES;
				ONLY_ACTIVE_ARCH = YES;
				SDKROOT = iphoneos;
				SWIFT_ACTIVE_COMPILATION_CONDITIONS = "DEBUG $(inherited)";
				SWIFT_OPTIMIZATION_LEVEL = "-Onone";
			};
			name = Debug;
		};
		11948FA82D803CAB001F8427 /* Release */ = {
			isa = XCBuildConfiguration;
			buildSettings = {
				ALWAYS_SEARCH_USER_PATHS = NO;
				ASSETCATALOG_COMPILER_GENERATE_SWIFT_ASSET_SYMBOL_EXTENSIONS = YES;
				CLANG_ANALYZER_NONNULL = YES;
				CLANG_ANALYZER_NUMBER_OBJECT_CONVERSION = YES_AGGRESSIVE;
				CLANG_CXX_LANGUAGE_STANDARD = "gnu++20";
				CLANG_ENABLE_MODULES = YES;
				CLANG_ENABLE_OBJC_ARC = YES;
				CLANG_ENABLE_OBJC_WEAK = YES;
				CLANG_WARN_BLOCK_CAPTURE_AUTORELEASING = YES;
				CLANG_WARN_BOOL_CONVERSION = YES;
				CLANG_WARN_COMMA = YES;
				CLANG_WARN_CONSTANT_CONVERSION = YES;
				CLANG_WARN_DEPRECATED_OBJC_IMPLEMENTATIONS = YES;
				CLANG_WARN_DIRECT_OBJC_ISA_USAGE = YES_ERROR;
				CLANG_WARN_DOCUMENTATION_COMMENTS = YES;
				CLANG_WARN_EMPTY_BODY = YES;
				CLANG_WARN_ENUM_CONVERSION = YES;
				CLANG_WARN_INFINITE_RECURSION = YES;
				CLANG_WARN_INT_CONVERSION = YES;
				CLANG_WARN_NON_LITERAL_NULL_CONVERSION = YES;
				CLANG_WARN_OBJC_IMPLICIT_RETAIN_SELF = YES;
				CLANG_WARN_OBJC_LITERAL_CONVERSION = YES;
				CLANG_WARN_OBJC_ROOT_CLASS = YES_ERROR;
				CLANG_WARN_QUOTED_INCLUDE_IN_FRAMEWORK_HEADER = YES;
				CLANG_WARN_RANGE_LOOP_ANALYSIS = YES;
				CLANG_WARN_STRICT_PROTOTYPES = YES;
				CLANG_WARN_SUSPICIOUS_MOVE = YES;
				CLANG_WARN_UNGUARDED_AVAILABILITY = YES_AGGRESSIVE;
				CLANG_WARN_UNREACHABLE_CODE = YES;
				CLANG_WARN__DUPLICATE_METHOD_MATCH = YES;
				COPY_PHASE_STRIP = NO;
				DEBUG_INFORMATION_FORMAT = "dwarf-with-dsym";
				ENABLE_NS_ASSERTIONS = NO;
				ENABLE_STRICT_OBJC_MSGSEND = YES;
				ENABLE_USER_SCRIPT_SANDBOXING = YES;
				GCC_C_LANGUAGE_STANDARD = gnu17;
				GCC_NO_COMMON_BLOCKS = YES;
				GCC_WARN_64_TO_32_BIT_CONVERSION = YES;
				GCC_WARN_ABOUT_RETURN_TYPE = YES_ERROR;
				GCC_WARN_UNDECLARED_SELECTOR = YES;
				GCC_WARN_UNINITIALIZED_AUTOS = YES_AGGRESSIVE;
				GCC_WARN_UNUSED_FUNCTION = YES;
				GCC_WARN_UNUSED_VARIABLE = YES;
				IPHONEOS_DEPLOYMENT_TARGET = 18.1;
				LOCALIZATION_PREFERS_STRING_CATALOGS = YES;
				MTL_ENABLE_DEBUG_INFO = NO;
				MTL_FAST_MATH = YES;
				SDKROOT = iphoneos;
				SWIFT_COMPILATION_MODE = wholemodule;
				VALIDATE_PRODUCT = YES;
			};
			name = Release;
		};
		11948FAA2D803CAB001F8427 /* Debug */ = {
			isa = XCBuildConfiguration;
			buildSettings = {
				ASSETCATALOG_COMPILER_APPICON_NAME = AppIcon;
				ASSETCATALOG_COMPILER_GLOBAL_ACCENT_COLOR_NAME = AccentColor;
				CODE_SIGN_STYLE = Automatic;
				CURRENT_PROJECT_VERSION = 1;
				DEVELOPMENT_ASSET_PATHS = "\"ToDoAssignment/Preview Content\"";
				DEVELOPMENT_TEAM = PA2PS9S3T4;
				ENABLE_PREVIEWS = YES;
				GENERATE_INFOPLIST_FILE = YES;
				INFOPLIST_KEY_UIApplicationSceneManifest_Generation = YES;
				INFOPLIST_KEY_UIApplicationSupportsIndirectInputEvents = YES;
				INFOPLIST_KEY_UILaunchScreen_Generation = YES;
				INFOPLIST_KEY_UISupportedInterfaceOrientations_iPad = "UIInterfaceOrientationPortrait UIInterfaceOrientationPortraitUpsideDown UIInterfaceOrientationLandscapeLeft UIInterfaceOrientationLandscapeRight";
				INFOPLIST_KEY_UISupportedInterfaceOrientations_iPhone = "UIInterfaceOrientationPortrait UIInterfaceOrientationLandscapeLeft UIInterfaceOrientationLandscapeRight";
				LD_RUNPATH_SEARCH_PATHS = (
					"$(inherited)",
					"@executable_path/Frameworks",
				);
				MARKETING_VERSION = 1.0;
				PRODUCT_BUNDLE_IDENTIFIER = me.troy.ToDoAssignment;
				PRODUCT_NAME = "$(TARGET_NAME)";
				SWIFT_EMIT_LOC_STRINGS = YES;
				SWIFT_VERSION = 5.0;
				TARGETED_DEVICE_FAMILY = "1,2";
			};
			name = Debug;
		};
		11948FAB2D803CAB001F8427 /* Release */ = {
			isa = XCBuildConfiguration;
			buildSettings = {
				ASSETCATALOG_COMPILER_APPICON_NAME = AppIcon;
				ASSETCATALOG_COMPILER_GLOBAL_ACCENT_COLOR_NAME = AccentColor;
				CODE_SIGN_STYLE = Automatic;
				CURRENT_PROJECT_VERSION = 1;
				DEVELOPMENT_ASSET_PATHS = "\"ToDoAssignment/Preview Content\"";
				DEVELOPMENT_TEAM = PA2PS9S3T4;
				ENABLE_PREVIEWS = YES;
				GENERATE_INFOPLIST_FILE = YES;
				INFOPLIST_KEY_UIApplicationSceneManifest_Generation = YES;
				INFOPLIST_KEY_UIApplicationSupportsIndirectInputEvents = YES;
				INFOPLIST_KEY_UILaunchScreen_Generation = YES;
				INFOPLIST_KEY_UISupportedInterfaceOrientations_iPad = "UIInterfaceOrientationPortrait UIInterfaceOrientationPortraitUpsideDown UIInterfaceOrientationLandscapeLeft UIInterfaceOrientationLandscapeRight";
				INFOPLIST_KEY_UISupportedInterfaceOrientations_iPhone = "UIInterfaceOrientationPortrait UIInterfaceOrientationLandscapeLeft UIInterfaceOrientationLandscapeRight";
				LD_RUNPATH_SEARCH_PATHS = (
					"$(inherited)",
					"@executable_path/Frameworks",
				);
				MARKETING_VERSION = 1.0;
				PRODUCT_BUNDLE_IDENTIFIER = me.troy.ToDoAssignment;
				PRODUCT_NAME = "$(TARGET_NAME)";
				SWIFT_EMIT_LOC_STRINGS = YES;
				SWIFT_VERSION = 5.0;
				TARGETED_DEVICE_FAMILY = "1,2";
			};
			name = Release;
		};
/* End XCBuildConfiguration section */

/* Begin XCConfigurationList section */
		11948F962D803CA9001F8427 /* Build configuration list for PBXProject "ToDoAssignment" */ = {
			isa = XCConfigurationList;
			buildConfigurations = (
				11948FA72D803CAB001F8427 /* Debug */,
				11948FA82D803CAB001F8427 /* Release */,
			);
			defaultConfigurationIsVisible = 0;
			defaultConfigurationName = Release;
		};
		11948FA92D803CAB001F8427 /* Build configuration list for PBXNativeTarget "ToDoAssignment" */ = {
			isa = XCConfigurationList;
			buildConfigurations = (
				11948FAA2D803CAB001F8427 /* Debug */,
				11948FAB2D803CAB001F8427 /* Release */,
			);
			defaultConfigurationIsVisible = 0;
			defaultConfigurationName = Release;
		};
/* End XCConfigurationList section */
	};
	rootObject = 11948F932D803CA9001F8427 /* Project object */;
}
